
Microsoft Visual Studio Solution File, Format Version 12.00
# Visual Studio 15
Project("{FAE04EC0-301F-11D3-BF4B-00C04F79EFBC}") = "Assembly-CSharp", "Assembly-CSharp.csproj", "{837B99D6-78CE-58FF-B322-5ECF2461834E}"
EndProject
Project("{FAE04EC0-301F-11D3-BF4B-00C04F79EFBC}") = "Assembly-CSharp-firstpass", "Assembly-CSharp-firstpass.csproj", "{DA0D7E77-5D3F-6FEB-0D0A-4593CD5D2DDA}"
EndProject
Global
	GlobalSection(SolutionConfigurationPlatforms) = preSolution
		Debug|Any CPU = Debug|Any CPU
		Release|Any CPU = Release|Any CPU
	EndGlobalSection
	GlobalSection(ProjectConfigurationPlatforms) = postSolution
		{837B99D6-78CE-58FF-B322-5ECF2461834E}.Debug|Any CPU.ActiveCfg = Debug|Any CPU
		{837B99D6-78CE-58FF-B322-5ECF2461834E}.Debug|Any CPU.Build.0 = Debug|Any CPU
		{837B99D6-78CE-58FF-B322-5ECF2461834E}.Release|Any CPU.ActiveCfg = Release|Any CPU
		{837B99D6-78CE-58FF-B322-5ECF2461834E}.Release|Any CPU.Build.0 = Release|Any CPU
		{DA0D7E77-5D3F-6FEB-0D0A-4593CD5D2DDA}.Debug|Any CPU.ActiveCfg = Debug|Any CPU
		{DA0D7E77-5D3F-6FEB-0D0A-4593CD5D2DDA}.Debug|Any CPU.Build.0 = Debug|Any CPU
		{DA0D7E77-5D3F-6FEB-0D0A-4593CD5D2DDA}.Release|Any CPU.ActiveCfg = Release|Any CPU
		{DA0D7E77-5D3F-6FEB-0D0A-4593CD5D2DDA}.Release|Any CPU.Build.0 = Release|Any CPU
	EndGlobalSection
	GlobalSection(SolutionProperties) = preSolution
		HideSolutionNode = FALSE
	EndGlobalSection
	GlobalSection(MonoDevelopProperties) = preSolution
		StartupItem = Assembly-CSharp.csproj
	EndGlobalSection
EndGlobal
