Microsoft Visual Studio Solution File, Format Version 11.00
# Visual Studio 2008

Project("{87ABC563-6369-CF57-8C0F-348502FBDDA2}") = "Fly 28.01.2013", "Assembly-CSharp-firstpass.csproj", "{1D997F0F-E18A-028B-61FF-D18F75A0E567}"
EndProject
Project("{87ABC563-6369-CF57-8C0F-348502FBDDA2}") = "Fly 28.01.2013", "Assembly-CSharp.csproj", "{310D96B8-21E6-EE1C-41CE-75E13FDA87D7}"
EndProject
Project("{87ABC563-6369-CF57-8C0F-348502FBDDA2}") = "Fly 28.01.2013", "Assembly-UnityScript-firstpass.unityproj", "{47F3EA2A-A0C7-6D3B-E757-FB977990E1F9}"
EndProject
Project("{87ABC563-6369-CF57-8C0F-348502FBDDA2}") = "Fly 28.01.2013", "Assembly-UnityScript.unityproj", "{6245D6D3-7C28-C843-F511-11C9182C6F5B}"
EndProject
Global
	GlobalSection(SolutionConfigurationPlatforms) = preSolution
		Debug|Any CPU = Debug|Any CPU
		Release|Any CPU = Release|Any CPU
	EndGlobalSection
	GlobalSection(ProjectConfigurationPlatforms) = postSolution
		{1D997F0F-E18A-028B-61FF-D18F75A0E567}.Debug|Any CPU.ActiveCfg = Debug|Any CPU
		{1D997F0F-E18A-028B-61FF-D18F75A0E567}.Debug|Any CPU.Build.0 = Debug|Any CPU
		{1D997F0F-E18A-028B-61FF-D18F75A0E567}.Release|Any CPU.ActiveCfg = Release|Any CPU
		{1D997F0F-E18A-028B-61FF-D18F75A0E567}.Release|Any CPU.Build.0 = Release|Any CPU
		{310D96B8-21E6-EE1C-41CE-75E13FDA87D7}.Debug|Any CPU.ActiveCfg = Debug|Any CPU
		{310D96B8-21E6-EE1C-41CE-75E13FDA87D7}.Debug|Any CPU.Build.0 = Debug|Any CPU
		{310D96B8-21E6-EE1C-41CE-75E13FDA87D7}.Release|Any CPU.ActiveCfg = Release|Any CPU
		{310D96B8-21E6-EE1C-41CE-75E13FDA87D7}.Release|Any CPU.Build.0 = Release|Any CPU
		{47F3EA2A-A0C7-6D3B-E757-FB977990E1F9}.Debug|Any CPU.ActiveCfg = Debug|Any CPU
		{47F3EA2A-A0C7-6D3B-E757-FB977990E1F9}.Debug|Any CPU.Build.0 = Debug|Any CPU
		{47F3EA2A-A0C7-6D3B-E757-FB977990E1F9}.Release|Any CPU.ActiveCfg = Release|Any CPU
		{47F3EA2A-A0C7-6D3B-E757-FB977990E1F9}.Release|Any CPU.Build.0 = Release|Any CPU
		{6245D6D3-7C28-C843-F511-11C9182C6F5B}.Debug|Any CPU.ActiveCfg = Debug|Any CPU
		{6245D6D3-7C28-C843-F511-11C9182C6F5B}.Debug|Any CPU.Build.0 = Debug|Any CPU
		{6245D6D3-7C28-C843-F511-11C9182C6F5B}.Release|Any CPU.ActiveCfg = Release|Any CPU
		{6245D6D3-7C28-C843-F511-11C9182C6F5B}.Release|Any CPU.Build.0 = Release|Any CPU
	EndGlobalSection
	GlobalSection(SolutionProperties) = preSolution
		HideSolutionNode = FALSE
	EndGlobalSection
																								GlobalSection(MonoDevelopProperties) = preSolution
		StartupItem = Assembly-CSharp.csproj
		Policies = $0
		$0.TextStylePolicy = $1
		$1.inheritsSet = null
		$1.scope = text/x-csharp
		$0.CSharpFormattingPolicy = $2
		$2.inheritsSet = Mono
		$2.inheritsScope = text/x-csharp
		$2.scope = text/x-csharp
		$0.TextStylePolicy = $3
		$3.FileWidth = 120
		$3.TabWidth = 4
		$3.EolMarker = Unix
		$3.inheritsSet = Mono
		$3.inheritsScope = text/plain
		$3.scope = text/plain
	EndGlobalSection

EndGlobal
