Microsoft Visual Studio Solution File, Format Version 11.00
# Visual Studio 2008

Project("{AC51DEB7-D2C3-F966-3A6D-F72C7C9B2B51}") = "Fly", "Assembly-CSharp-firstpass-vs.csproj", "{7EDCDD47-A7BA-2204-39C7-568A3A0D3AA4}"
EndProject
Project("{AC51DEB7-D2C3-F966-3A6D-F72C7C9B2B51}") = "Fly", "Assembly-CSharp-vs.csproj", "{95A4F047-6A3E-50F7-D48A-3A9980309388}"
EndProject
Global
	GlobalSection(SolutionConfigurationPlatforms) = preSolution
		Debug|Any CPU = Debug|Any CPU
		Release|Any CPU = Release|Any CPU
	EndGlobalSection
	GlobalSection(ProjectConfigurationPlatforms) = postSolution
		{7EDCDD47-A7BA-2204-39C7-568A3A0D3AA4}.Debug|Any CPU.ActiveCfg = Debug|Any CPU
		{7EDCDD47-A7BA-2204-39C7-568A3A0D3AA4}.Debug|Any CPU.Build.0 = Debug|Any CPU
		{7EDCDD47-A7BA-2204-39C7-568A3A0D3AA4}.Release|Any CPU.ActiveCfg = Release|Any CPU
		{7EDCDD47-A7BA-2204-39C7-568A3A0D3AA4}.Release|Any CPU.Build.0 = Release|Any CPU
		{95A4F047-6A3E-50F7-D48A-3A9980309388}.Debug|Any CPU.ActiveCfg = Debug|Any CPU
		{95A4F047-6A3E-50F7-D48A-3A9980309388}.Debug|Any CPU.Build.0 = Debug|Any CPU
		{95A4F047-6A3E-50F7-D48A-3A9980309388}.Release|Any CPU.ActiveCfg = Release|Any CPU
		{95A4F047-6A3E-50F7-D48A-3A9980309388}.Release|Any CPU.Build.0 = Release|Any CPU
	EndGlobalSection
	GlobalSection(SolutionProperties) = preSolution
		HideSolutionNode = FALSE
	EndGlobalSection
																	GlobalSection(MonoDevelopProperties) = preSolution
		StartupItem = Assembly-CSharp.csproj
		Policies = $0
		$0.TextStylePolicy = $1
		$1.inheritsSet = null
		$1.scope = text/x-csharp
		$0.CSharpFormattingPolicy = $2
		$2.inheritsSet = Mono
		$2.inheritsScope = text/x-csharp
		$2.scope = text/x-csharp
		$0.TextStylePolicy = $3
		$3.FileWidth = 120
		$3.TabWidth = 4
		$3.EolMarker = Unix
		$3.inheritsSet = Mono
		$3.inheritsScope = text/plain
		$3.scope = text/plain
	EndGlobalSection

EndGlobal
